
Microsoft Visual Studio Solution File, Format Version 12.00
# Visual Studio Version 17
VisualStudioVersion = 17.13.35828.75 d17.13
MinimumVisualStudioVersion = 10.0.40219.1
Project("{8BC9CEB8-8B4A-11D0-8D11-00A0C91BC942}") = "Beadando_labda", "Beadando_labda\Beadando_labda.vcxproj", "{FC2815C2-5CCF-4207-B179-9C4B107A0BBD}"
EndProject
Global
	GlobalSection(SolutionConfigurationPlatforms) = preSolution
		Debug|x64 = Debug|x64
		Debug|x86 = Debug|x86
		Release|x64 = Release|x64
		Release|x86 = Release|x86
	EndGlobalSection
	GlobalSection(ProjectConfigurationPlatforms) = postSolution
		{FC2815C2-5CCF-4207-B179-9C4B107A0BBD}.Debug|x64.ActiveCfg = Debug|x64
		{FC2815C2-5CCF-4207-B179-9C4B107A0BBD}.Debug|x64.Build.0 = Debug|x64
		{FC2815C2-5CCF-4207-B179-9C4B107A0BBD}.Debug|x86.ActiveCfg = Debug|Win32
		{FC2815C2-5CCF-4207-B179-9C4B107A0BBD}.Debug|x86.Build.0 = Debug|Win32
		{FC2815C2-5CCF-4207-B179-9C4B107A0BBD}.Release|x64.ActiveCfg = Release|x64
		{FC2815C2-5CCF-4207-B179-9C4B107A0BBD}.Release|x64.Build.0 = Release|x64
		{FC2815C2-5CCF-4207-B179-9C4B107A0BBD}.Release|x86.ActiveCfg = Release|Win32
		{FC2815C2-5CCF-4207-B179-9C4B107A0BBD}.Release|x86.Build.0 = Release|Win32
	EndGlobalSection
	GlobalSection(SolutionProperties) = preSolution
		HideSolutionNode = FALSE
	EndGlobalSection
	GlobalSection(ExtensibilityGlobals) = postSolution
		SolutionGuid = {963A28C9-21B4-4949-AA15-6B1D70AA63AA}
	EndGlobalSection
EndGlobal
